
Microsoft Visual Studio Solution File, Format Version 12.00
# Visual Studio Version 17
VisualStudioVersion = 17.3.32811.315
MinimumVisualStudioVersion = 10.0.40219.1
Project("{FAE04EC0-301F-11D3-BF4B-00C04F79EFBC}") = "ListasCircularesSimples", "ListasCircularesSimples.csproj", "{AC2DC3F4-7679-4F4D-AC5F-95E34AF805BB}"
EndProject
Global
	GlobalSection(SolutionConfigurationPlatforms) = preSolution
		Debug|Any CPU = Debug|Any CPU
		Release|Any CPU = Release|Any CPU
	EndGlobalSection
	GlobalSection(ProjectConfigurationPlatforms) = postSolution
		{AC2DC3F4-7679-4F4D-AC5F-95E34AF805BB}.Debug|Any CPU.ActiveCfg = Debug|Any CPU
		{AC2DC3F4-7679-4F4D-AC5F-95E34AF805BB}.Debug|Any CPU.Build.0 = Debug|Any CPU
		{AC2DC3F4-7679-4F4D-AC5F-95E34AF805BB}.Release|Any CPU.ActiveCfg = Release|Any CPU
		{AC2DC3F4-7679-4F4D-AC5F-95E34AF805BB}.Release|Any CPU.Build.0 = Release|Any CPU
	EndGlobalSection
	GlobalSection(SolutionProperties) = preSolution
		HideSolutionNode = FALSE
	EndGlobalSection
	GlobalSection(ExtensibilityGlobals) = postSolution
		SolutionGuid = {B29B4C2A-9A80-4DF4-A838-D6889C2A5F99}
	EndGlobalSection
EndGlobal
