
Microsoft Visual Studio Solution File, Format Version 12.00
# Visual Studio Version 17
VisualStudioVersion = 17.3.32811.315
MinimumVisualStudioVersion = 10.0.40219.1
Project("{FAE04EC0-301F-11D3-BF4B-00C04F79EFBC}") = "ListasDobles", "ListasDobles.csproj", "{B438AE2C-6783-4777-910B-C7B96725058D}"
EndProject
Global
	GlobalSection(SolutionConfigurationPlatforms) = preSolution
		Debug|Any CPU = Debug|Any CPU
		Release|Any CPU = Release|Any CPU
	EndGlobalSection
	GlobalSection(ProjectConfigurationPlatforms) = postSolution
		{B438AE2C-6783-4777-910B-C7B96725058D}.Debug|Any CPU.ActiveCfg = Debug|Any CPU
		{B438AE2C-6783-4777-910B-C7B96725058D}.Debug|Any CPU.Build.0 = Debug|Any CPU
		{B438AE2C-6783-4777-910B-C7B96725058D}.Release|Any CPU.ActiveCfg = Release|Any CPU
		{B438AE2C-6783-4777-910B-C7B96725058D}.Release|Any CPU.Build.0 = Release|Any CPU
	EndGlobalSection
	GlobalSection(SolutionProperties) = preSolution
		HideSolutionNode = FALSE
	EndGlobalSection
	GlobalSection(ExtensibilityGlobals) = postSolution
		SolutionGuid = {A014A2A7-EDB0-42B7-A891-5DEFF0B871D3}
	EndGlobalSection
EndGlobal
